
Microsoft Visual Studio Solution File, Format Version 12.00
# Visual Studio Version 17
VisualStudioVersion = 17.0.31903.59
MinimumVisualStudioVersion = 10.0.40219.1
Project("{2150E333-8FDC-42A3-9474-1A3956D46DE8}") = "_Files", "_Files", "{62954796-608A-4C39-993D-AA197D39677A}"
EndProject
Project("{2150E333-8FDC-42A3-9474-1A3956D46DE8}") = "Library", "Library", "{0131AA73-8B8C-4EAB-A4F6-F8B2D8033212}"
EndProject
Project("{2150E333-8FDC-42A3-9474-1A3956D46DE8}") = "Tests", "Tests", "{024A21CC-0247-48A0-BB6E-C21B3419B1D2}"
EndProject
Project("{FAE04EC0-301F-11D3-BF4B-00C04F79EFBC}") = "LibRoton.Test", "LibRoton.Test\LibRoton.Test.csproj", "{9B101743-1A09-4E72-BCA2-48E652413BA7}"
EndProject
Project("{FAE04EC0-301F-11D3-BF4B-00C04F79EFBC}") = "LibRoton", "LibRoton\LibRoton.csproj", "{D8BC7F8B-FFAC-46F5-8D8A-719BFA65C6C8}"
EndProject
Project("{FAE04EC0-301F-11D3-BF4B-00C04F79EFBC}") = "LibRoton.Interpreter", "LibRoton.Interpreter\LibRoton.Interpreter.csproj", "{29319BF7-830B-415A-9D1D-E4CA64749595}"
EndProject
Project("{2150E333-8FDC-42A3-9474-1A3956D46DE8}") = "Tools", "Tools", "{1ACC086E-05B2-4DFC-914B-CFBA20435B12}"
EndProject
Project("{FAE04EC0-301F-11D3-BF4B-00C04F79EFBC}") = "LibRoton.CodeGen", "LibRoton.CodeGen\LibRoton.CodeGen.csproj", "{61D96568-54C6-43AE-9B81-B3B4A5D65516}"
EndProject
Global
	GlobalSection(SolutionConfigurationPlatforms) = preSolution
		Debug|Any CPU = Debug|Any CPU
		Release|Any CPU = Release|Any CPU
	EndGlobalSection
	GlobalSection(SolutionProperties) = preSolution
		HideSolutionNode = FALSE
	EndGlobalSection
	GlobalSection(NestedProjects) = preSolution
		{9B101743-1A09-4E72-BCA2-48E652413BA7} = {024A21CC-0247-48A0-BB6E-C21B3419B1D2}
		{D8BC7F8B-FFAC-46F5-8D8A-719BFA65C6C8} = {0131AA73-8B8C-4EAB-A4F6-F8B2D8033212}
		{29319BF7-830B-415A-9D1D-E4CA64749595} = {0131AA73-8B8C-4EAB-A4F6-F8B2D8033212}
		{61D96568-54C6-43AE-9B81-B3B4A5D65516} = {1ACC086E-05B2-4DFC-914B-CFBA20435B12}
	EndGlobalSection
	GlobalSection(ProjectConfigurationPlatforms) = postSolution
		{9B101743-1A09-4E72-BCA2-48E652413BA7}.Debug|Any CPU.ActiveCfg = Debug|Any CPU
		{9B101743-1A09-4E72-BCA2-48E652413BA7}.Debug|Any CPU.Build.0 = Debug|Any CPU
		{9B101743-1A09-4E72-BCA2-48E652413BA7}.Release|Any CPU.ActiveCfg = Release|Any CPU
		{9B101743-1A09-4E72-BCA2-48E652413BA7}.Release|Any CPU.Build.0 = Release|Any CPU
		{D8BC7F8B-FFAC-46F5-8D8A-719BFA65C6C8}.Debug|Any CPU.ActiveCfg = Debug|Any CPU
		{D8BC7F8B-FFAC-46F5-8D8A-719BFA65C6C8}.Debug|Any CPU.Build.0 = Debug|Any CPU
		{D8BC7F8B-FFAC-46F5-8D8A-719BFA65C6C8}.Release|Any CPU.ActiveCfg = Release|Any CPU
		{D8BC7F8B-FFAC-46F5-8D8A-719BFA65C6C8}.Release|Any CPU.Build.0 = Release|Any CPU
		{29319BF7-830B-415A-9D1D-E4CA64749595}.Debug|Any CPU.ActiveCfg = Debug|Any CPU
		{29319BF7-830B-415A-9D1D-E4CA64749595}.Debug|Any CPU.Build.0 = Debug|Any CPU
		{29319BF7-830B-415A-9D1D-E4CA64749595}.Release|Any CPU.ActiveCfg = Release|Any CPU
		{29319BF7-830B-415A-9D1D-E4CA64749595}.Release|Any CPU.Build.0 = Release|Any CPU
		{61D96568-54C6-43AE-9B81-B3B4A5D65516}.Debug|Any CPU.ActiveCfg = Debug|Any CPU
		{61D96568-54C6-43AE-9B81-B3B4A5D65516}.Debug|Any CPU.Build.0 = Debug|Any CPU
		{61D96568-54C6-43AE-9B81-B3B4A5D65516}.Release|Any CPU.ActiveCfg = Release|Any CPU
		{61D96568-54C6-43AE-9B81-B3B4A5D65516}.Release|Any CPU.Build.0 = Release|Any CPU
	EndGlobalSection
EndGlobal
